PODS:
  - Alamofire (4.4.0)
  - DropDown (2)
  - DZNEmptyDataSet (1.8.1)
  - FontAwesomeKit (2.2.1):
    - FontAwesomeKit/Core (= 2.2.1)
    - FontAwesomeKit/FontAwesome (= 2.2.1)
    - FontAwesomeKit/FoundationIcons (= 2.2.1)
    - FontAwesomeKit/IonIcons (= 2.2.1)
    - FontAwesomeKit/Material (= 2.2.1)
    - FontAwesomeKit/Octicons (= 2.2.1)
    - FontAwesomeKit/Zocial (= 2.2.1)
  - FontAwesomeKit/Core (2.2.1)
  - FontAwesomeKit/FontAwesome (2.2.1):
    - FontAwesomeKit/Core
  - FontAwesomeKit/FoundationIcons (2.2.1):
    - FontAwesomeKit/Core
  - FontAwesomeKit/IonIcons (2.2.1):
    - FontAwesomeKit/Core
  - FontAwesomeKit/Material (2.2.1):
    - FontAwesomeKit/Core
  - FontAwesomeKit/Octicons (2.2.1):
    - FontAwesomeKit/Core
  - FontAwesomeKit/Zocial (2.2.1):
    - FontAwesomeKit/Core
  - INSPhotoGallery (1.1.0)
  - IQKeyboardManager (4.0.10)
  - PureLayout (3.0.2)
  - SDWebImage (4.0.0):
    - SDWebImage/Core (= 4.0.0)
  - SDWebImage/Core (4.0.0)
  - STPopup (1.8.2)
  - SwiftOverlays (3.0.0)

DEPENDENCIES:
  - Alamofire
  - DropDown
  - DZNEmptyDataSet
  - FontAwesomeKit
  - INSPhotoGallery
  - IQKeyboardManager
  - PureLayout
  - SDWebImage
  - STPopup
  - SwiftOverlays

SPEC CHECKSUMS:
  Alamofire: dc44b1600b800eb63da6a19039a0083d62a6a62d
  DropDown: 744784d9c9aa505100e942c16acd05430cbb2f0a
  DZNEmptyDataSet: 9525833b9e68ac21c30253e1d3d7076cc828eaa7
  FontAwesomeKit: 3614979b3dbb0ec3f7fac1bd760b91f66c31db67
  INSPhotoGallery: 81056815e82fb7ee6f271ca017db5985b4f96d0a
  IQKeyboardManager: 593ee99b88381f4b9ccb22bd680f22606351bd41
  PureLayout: 4d550abe49a94f24c2808b9b95db9131685fe4cd
  SDWebImage: 76a6348bdc74eb5a55dd08a091ef298e56b55e41
  STPopup: b69b3e7484ef7d2baec5f9ab2939f8a7bcdfe218
  SwiftOverlays: 4cdd9e4f5c7817fb6348882059eb697e11685fad

PODFILE CHECKSUM: c9f8323c2eb2932957af43f437c3b68873efadfd

COCOAPODS: 1.3.0.beta.1
